{
  "originHash" : "46967f340902a01c782045df2d088dca946c4f5a0bd7b8c269e59cd3de6bb77b",
  "pins" : [
    {
      "identity" : "polykit",
      "kind" : "remoteSourceControl",
      "location" : "https://github.com/heestand-xyz/PolyKit.git",
      "state" : {
        "revision" : "4d84c4469daf5e9ee4d1768dd3018d6b985ee868",
        "version" : "2.2.0"
      }
    }
  ],
  "version" : 3
}
